
Microsoft Visual Studio Solution File, Format Version 12.00
# Visual Studio Version 17
VisualStudioVersion = 17.11.35303.130
MinimumVisualStudioVersion = 10.0.40219.1
Project("{2150E333-8FDC-42A3-9474-1A3956D46DE8}") = "MovieService", "MovieService", "{DC28BF77-2767-4328-88A4-125F4782DC99}"
EndProject
Project("{FAE04EC0-301F-11D3-BF4B-00C04F79EFBC}") = "MovieService.API", "MovieService\MovieService.API\MovieService.API.csproj", "{1A9FBC0C-CD84-41A2-8A96-C18DD368A3CD}"
EndProject
Project("{FAE04EC0-301F-11D3-BF4B-00C04F79EFBC}") = "MovieService.Application", "MovieService\MovieService.Application\MovieService.Application.csproj", "{49171AF3-0DAD-4C4F-A19F-879A380FE618}"
EndProject
Project("{FAE04EC0-301F-11D3-BF4B-00C04F79EFBC}") = "MovieService.Domain", "MovieService\MovieService.Domain\MovieService.Domain.csproj", "{E50E16A5-8DFD-4AE4-B559-4136FE172E3A}"
EndProject
Project("{FAE04EC0-301F-11D3-BF4B-00C04F79EFBC}") = "MovieService.Infrastructure", "MovieService\MovieService.Infrastructure\MovieService.Infrastructure.csproj", "{85FFFD18-C547-45FF-AD38-F5B027CF2318}"
EndProject
Project("{2150E333-8FDC-42A3-9474-1A3956D46DE8}") = "AuthService", "AuthService", "{4B4409B7-B863-4990-BF6E-1FB54BBF1227}"
EndProject
Project("{FAE04EC0-301F-11D3-BF4B-00C04F79EFBC}") = "AuthService.API", "AuthService\AuthService.API\AuthService.API.csproj", "{76B265E0-94CA-4EF7-8145-2D059C6F5C91}"
EndProject
Project("{FAE04EC0-301F-11D3-BF4B-00C04F79EFBC}") = "AuthService.Application", "AuthService\AuthService.Application\AuthService.Application.csproj", "{EFF29818-A08D-4192-8C61-867C35208128}"
EndProject
Project("{FAE04EC0-301F-11D3-BF4B-00C04F79EFBC}") = "AuthService.Domain", "AuthService\AuthService.Domain\AuthService.Domain.csproj", "{469EBA99-DDD0-4598-894B-BADDA61AF7D2}"
EndProject
Project("{FAE04EC0-301F-11D3-BF4B-00C04F79EFBC}") = "AuthService.Infrastructure", "AuthService\AuthService.Infrastructure\AuthService.Infrastructure.csproj", "{ED08F2FC-B9C5-4AB3-8029-18FA01C06B35}"
EndProject
Project("{2150E333-8FDC-42A3-9474-1A3956D46DE8}") = "PricingService", "PricingService", "{69C1C6B2-CE16-4416-94DD-187F02B3D139}"
EndProject
Project("{FAE04EC0-301F-11D3-BF4B-00C04F79EFBC}") = "PricingService.API", "PricingService\PricingService.API\PricingService.API.csproj", "{2B10F41C-6190-4847-85B5-800AA362F0F7}"
EndProject
Project("{FAE04EC0-301F-11D3-BF4B-00C04F79EFBC}") = "PricingService.Application", "PricingService\PricingService.Application\PricingService.Application.csproj", "{0E9DC984-7C70-41AE-B4AB-241CC4E56592}"
EndProject
Project("{FAE04EC0-301F-11D3-BF4B-00C04F79EFBC}") = "PricingService.Domain", "PricingService\PricingService.Domain\PricingService.Domain.csproj", "{2A6C81B3-0D79-485F-BAA2-2BCA7E2A102B}"
EndProject
Project("{FAE04EC0-301F-11D3-BF4B-00C04F79EFBC}") = "PricingService.Infrastructure", "PricingService\PricingService.Infrastructure\PricingService.Infrastructure.csproj", "{3066E1F7-58C1-43AA-BE35-F33FBA4ED33F}"
EndProject
Project("{2150E333-8FDC-42A3-9474-1A3956D46DE8}") = "ShowtimeService", "ShowtimeService", "{1DA13F55-E3DB-04DC-4351-A23405C11FBB}"
EndProject
Project("{FAE04EC0-301F-11D3-BF4B-00C04F79EFBC}") = "ShowtimeService.API", "ShowtimeService\ShowtimeService.API\ShowtimeService.API.csproj", "{BC3DC34C-7D0E-42D7-AEDB-CB8672C611D6}"
EndProject
Project("{FAE04EC0-301F-11D3-BF4B-00C04F79EFBC}") = "ShowtimeService.Domain", "ShowtimeService\ShowtimeService.Domain\ShowtimeService.Domain.csproj", "{6430000F-F859-42BB-8AE3-1E4B6B2933F6}"
EndProject
Project("{FAE04EC0-301F-11D3-BF4B-00C04F79EFBC}") = "ShowtimeService.Infrastructure", "ShowtimeService\ShowtimeService.Infrastucture\ShowtimeService.Infrastructure.csproj", "{AF98D505-0083-42CF-A0EF-9E18C7F0F13B}"
EndProject
Project("{FAE04EC0-301F-11D3-BF4B-00C04F79EFBC}") = "ShowtimeService.Application", "ShowtimeService\ShowtimeService.Application\ShowtimeService.Application.csproj", "{B7A273A3-0E55-4E73-9BF2-475EEEBD7C36}"
EndProject
Global
	GlobalSection(SolutionConfigurationPlatforms) = preSolution
		Debug|Any CPU = Debug|Any CPU
		Debug|x64 = Debug|x64
		Debug|x86 = Debug|x86
		Release|Any CPU = Release|Any CPU
		Release|x64 = Release|x64
		Release|x86 = Release|x86
	EndGlobalSection
	GlobalSection(ProjectConfigurationPlatforms) = postSolution
		{1A9FBC0C-CD84-41A2-8A96-C18DD368A3CD}.Debug|Any CPU.ActiveCfg = Debug|Any CPU
		{1A9FBC0C-CD84-41A2-8A96-C18DD368A3CD}.Debug|Any CPU.Build.0 = Debug|Any CPU
		{1A9FBC0C-CD84-41A2-8A96-C18DD368A3CD}.Debug|x64.ActiveCfg = Debug|Any CPU
		{1A9FBC0C-CD84-41A2-8A96-C18DD368A3CD}.Debug|x64.Build.0 = Debug|Any CPU
		{1A9FBC0C-CD84-41A2-8A96-C18DD368A3CD}.Debug|x86.ActiveCfg = Debug|Any CPU
		{1A9FBC0C-CD84-41A2-8A96-C18DD368A3CD}.Debug|x86.Build.0 = Debug|Any CPU
		{1A9FBC0C-CD84-41A2-8A96-C18DD368A3CD}.Release|Any CPU.ActiveCfg = Release|Any CPU
		{1A9FBC0C-CD84-41A2-8A96-C18DD368A3CD}.Release|Any CPU.Build.0 = Release|Any CPU
		{1A9FBC0C-CD84-41A2-8A96-C18DD368A3CD}.Release|x64.ActiveCfg = Release|Any CPU
		{1A9FBC0C-CD84-41A2-8A96-C18DD368A3CD}.Release|x64.Build.0 = Release|Any CPU
		{1A9FBC0C-CD84-41A2-8A96-C18DD368A3CD}.Release|x86.ActiveCfg = Release|Any CPU
		{1A9FBC0C-CD84-41A2-8A96-C18DD368A3CD}.Release|x86.Build.0 = Release|Any CPU
		{49171AF3-0DAD-4C4F-A19F-879A380FE618}.Debug|Any CPU.ActiveCfg = Debug|Any CPU
		{49171AF3-0DAD-4C4F-A19F-879A380FE618}.Debug|Any CPU.Build.0 = Debug|Any CPU
		{49171AF3-0DAD-4C4F-A19F-879A380FE618}.Debug|x64.ActiveCfg = Debug|Any CPU
		{49171AF3-0DAD-4C4F-A19F-879A380FE618}.Debug|x64.Build.0 = Debug|Any CPU
		{49171AF3-0DAD-4C4F-A19F-879A380FE618}.Debug|x86.ActiveCfg = Debug|Any CPU
		{49171AF3-0DAD-4C4F-A19F-879A380FE618}.Debug|x86.Build.0 = Debug|Any CPU
		{49171AF3-0DAD-4C4F-A19F-879A380FE618}.Release|Any CPU.ActiveCfg = Release|Any CPU
		{49171AF3-0DAD-4C4F-A19F-879A380FE618}.Release|Any CPU.Build.0 = Release|Any CPU
		{49171AF3-0DAD-4C4F-A19F-879A380FE618}.Release|x64.ActiveCfg = Release|Any CPU
		{49171AF3-0DAD-4C4F-A19F-879A380FE618}.Release|x64.Build.0 = Release|Any CPU
		{49171AF3-0DAD-4C4F-A19F-879A380FE618}.Release|x86.ActiveCfg = Release|Any CPU
		{49171AF3-0DAD-4C4F-A19F-879A380FE618}.Release|x86.Build.0 = Release|Any CPU
		{E50E16A5-8DFD-4AE4-B559-4136FE172E3A}.Debug|Any CPU.ActiveCfg = Debug|Any CPU
		{E50E16A5-8DFD-4AE4-B559-4136FE172E3A}.Debug|Any CPU.Build.0 = Debug|Any CPU
		{E50E16A5-8DFD-4AE4-B559-4136FE172E3A}.Debug|x64.ActiveCfg = Debug|Any CPU
		{E50E16A5-8DFD-4AE4-B559-4136FE172E3A}.Debug|x64.Build.0 = Debug|Any CPU
		{E50E16A5-8DFD-4AE4-B559-4136FE172E3A}.Debug|x86.ActiveCfg = Debug|Any CPU
		{E50E16A5-8DFD-4AE4-B559-4136FE172E3A}.Debug|x86.Build.0 = Debug|Any CPU
		{E50E16A5-8DFD-4AE4-B559-4136FE172E3A}.Release|Any CPU.ActiveCfg = Release|Any CPU
		{E50E16A5-8DFD-4AE4-B559-4136FE172E3A}.Release|Any CPU.Build.0 = Release|Any CPU
		{E50E16A5-8DFD-4AE4-B559-4136FE172E3A}.Release|x64.ActiveCfg = Release|Any CPU
		{E50E16A5-8DFD-4AE4-B559-4136FE172E3A}.Release|x64.Build.0 = Release|Any CPU
		{E50E16A5-8DFD-4AE4-B559-4136FE172E3A}.Release|x86.ActiveCfg = Release|Any CPU
		{E50E16A5-8DFD-4AE4-B559-4136FE172E3A}.Release|x86.Build.0 = Release|Any CPU
		{85FFFD18-C547-45FF-AD38-F5B027CF2318}.Debug|Any CPU.ActiveCfg = Debug|Any CPU
		{85FFFD18-C547-45FF-AD38-F5B027CF2318}.Debug|Any CPU.Build.0 = Debug|Any CPU
		{85FFFD18-C547-45FF-AD38-F5B027CF2318}.Debug|x64.ActiveCfg = Debug|Any CPU
		{85FFFD18-C547-45FF-AD38-F5B027CF2318}.Debug|x64.Build.0 = Debug|Any CPU
		{85FFFD18-C547-45FF-AD38-F5B027CF2318}.Debug|x86.ActiveCfg = Debug|Any CPU
		{85FFFD18-C547-45FF-AD38-F5B027CF2318}.Debug|x86.Build.0 = Debug|Any CPU
		{85FFFD18-C547-45FF-AD38-F5B027CF2318}.Release|Any CPU.ActiveCfg = Release|Any CPU
		{85FFFD18-C547-45FF-AD38-F5B027CF2318}.Release|Any CPU.Build.0 = Release|Any CPU
		{85FFFD18-C547-45FF-AD38-F5B027CF2318}.Release|x64.ActiveCfg = Release|Any CPU
		{85FFFD18-C547-45FF-AD38-F5B027CF2318}.Release|x64.Build.0 = Release|Any CPU
		{85FFFD18-C547-45FF-AD38-F5B027CF2318}.Release|x86.ActiveCfg = Release|Any CPU
		{85FFFD18-C547-45FF-AD38-F5B027CF2318}.Release|x86.Build.0 = Release|Any CPU
		{76B265E0-94CA-4EF7-8145-2D059C6F5C91}.Debug|Any CPU.ActiveCfg = Debug|Any CPU
		{76B265E0-94CA-4EF7-8145-2D059C6F5C91}.Debug|Any CPU.Build.0 = Debug|Any CPU
		{76B265E0-94CA-4EF7-8145-2D059C6F5C91}.Debug|x64.ActiveCfg = Debug|Any CPU
		{76B265E0-94CA-4EF7-8145-2D059C6F5C91}.Debug|x64.Build.0 = Debug|Any CPU
		{76B265E0-94CA-4EF7-8145-2D059C6F5C91}.Debug|x86.ActiveCfg = Debug|Any CPU
		{76B265E0-94CA-4EF7-8145-2D059C6F5C91}.Debug|x86.Build.0 = Debug|Any CPU
		{76B265E0-94CA-4EF7-8145-2D059C6F5C91}.Release|Any CPU.ActiveCfg = Release|Any CPU
		{76B265E0-94CA-4EF7-8145-2D059C6F5C91}.Release|Any CPU.Build.0 = Release|Any CPU
		{76B265E0-94CA-4EF7-8145-2D059C6F5C91}.Release|x64.ActiveCfg = Release|Any CPU
		{76B265E0-94CA-4EF7-8145-2D059C6F5C91}.Release|x64.Build.0 = Release|Any CPU
		{76B265E0-94CA-4EF7-8145-2D059C6F5C91}.Release|x86.ActiveCfg = Release|Any CPU
		{76B265E0-94CA-4EF7-8145-2D059C6F5C91}.Release|x86.Build.0 = Release|Any CPU
		{EFF29818-A08D-4192-8C61-867C35208128}.Debug|Any CPU.ActiveCfg = Debug|Any CPU
		{EFF29818-A08D-4192-8C61-867C35208128}.Debug|Any CPU.Build.0 = Debug|Any CPU
		{EFF29818-A08D-4192-8C61-867C35208128}.Debug|x64.ActiveCfg = Debug|Any CPU
		{EFF29818-A08D-4192-8C61-867C35208128}.Debug|x64.Build.0 = Debug|Any CPU
		{EFF29818-A08D-4192-8C61-867C35208128}.Debug|x86.ActiveCfg = Debug|Any CPU
		{EFF29818-A08D-4192-8C61-867C35208128}.Debug|x86.Build.0 = Debug|Any CPU
		{EFF29818-A08D-4192-8C61-867C35208128}.Release|Any CPU.ActiveCfg = Release|Any CPU
		{EFF29818-A08D-4192-8C61-867C35208128}.Release|Any CPU.Build.0 = Release|Any CPU
		{EFF29818-A08D-4192-8C61-867C35208128}.Release|x64.ActiveCfg = Release|Any CPU
		{EFF29818-A08D-4192-8C61-867C35208128}.Release|x64.Build.0 = Release|Any CPU
		{EFF29818-A08D-4192-8C61-867C35208128}.Release|x86.ActiveCfg = Release|Any CPU
		{EFF29818-A08D-4192-8C61-867C35208128}.Release|x86.Build.0 = Release|Any CPU
		{469EBA99-DDD0-4598-894B-BADDA61AF7D2}.Debug|Any CPU.ActiveCfg = Debug|Any CPU
		{469EBA99-DDD0-4598-894B-BADDA61AF7D2}.Debug|Any CPU.Build.0 = Debug|Any CPU
		{469EBA99-DDD0-4598-894B-BADDA61AF7D2}.Debug|x64.ActiveCfg = Debug|Any CPU
		{469EBA99-DDD0-4598-894B-BADDA61AF7D2}.Debug|x64.Build.0 = Debug|Any CPU
		{469EBA99-DDD0-4598-894B-BADDA61AF7D2}.Debug|x86.ActiveCfg = Debug|Any CPU
		{469EBA99-DDD0-4598-894B-BADDA61AF7D2}.Debug|x86.Build.0 = Debug|Any CPU
		{469EBA99-DDD0-4598-894B-BADDA61AF7D2}.Release|Any CPU.ActiveCfg = Release|Any CPU
		{469EBA99-DDD0-4598-894B-BADDA61AF7D2}.Release|Any CPU.Build.0 = Release|Any CPU
		{469EBA99-DDD0-4598-894B-BADDA61AF7D2}.Release|x64.ActiveCfg = Release|Any CPU
		{469EBA99-DDD0-4598-894B-BADDA61AF7D2}.Release|x64.Build.0 = Release|Any CPU
		{469EBA99-DDD0-4598-894B-BADDA61AF7D2}.Release|x86.ActiveCfg = Release|Any CPU
		{469EBA99-DDD0-4598-894B-BADDA61AF7D2}.Release|x86.Build.0 = Release|Any CPU
		{ED08F2FC-B9C5-4AB3-8029-18FA01C06B35}.Debug|Any CPU.ActiveCfg = Debug|Any CPU
		{ED08F2FC-B9C5-4AB3-8029-18FA01C06B35}.Debug|Any CPU.Build.0 = Debug|Any CPU
		{ED08F2FC-B9C5-4AB3-8029-18FA01C06B35}.Debug|x64.ActiveCfg = Debug|Any CPU
		{ED08F2FC-B9C5-4AB3-8029-18FA01C06B35}.Debug|x64.Build.0 = Debug|Any CPU
		{ED08F2FC-B9C5-4AB3-8029-18FA01C06B35}.Debug|x86.ActiveCfg = Debug|Any CPU
		{ED08F2FC-B9C5-4AB3-8029-18FA01C06B35}.Debug|x86.Build.0 = Debug|Any CPU
		{ED08F2FC-B9C5-4AB3-8029-18FA01C06B35}.Release|Any CPU.ActiveCfg = Release|Any CPU
		{ED08F2FC-B9C5-4AB3-8029-18FA01C06B35}.Release|Any CPU.Build.0 = Release|Any CPU
		{ED08F2FC-B9C5-4AB3-8029-18FA01C06B35}.Release|x64.ActiveCfg = Release|Any CPU
		{ED08F2FC-B9C5-4AB3-8029-18FA01C06B35}.Release|x64.Build.0 = Release|Any CPU
		{ED08F2FC-B9C5-4AB3-8029-18FA01C06B35}.Release|x86.ActiveCfg = Release|Any CPU
		{ED08F2FC-B9C5-4AB3-8029-18FA01C06B35}.Release|x86.Build.0 = Release|Any CPU
		{2B10F41C-6190-4847-85B5-800AA362F0F7}.Debug|Any CPU.ActiveCfg = Debug|Any CPU
		{2B10F41C-6190-4847-85B5-800AA362F0F7}.Debug|Any CPU.Build.0 = Debug|Any CPU
		{2B10F41C-6190-4847-85B5-800AA362F0F7}.Debug|x64.ActiveCfg = Debug|Any CPU
		{2B10F41C-6190-4847-85B5-800AA362F0F7}.Debug|x64.Build.0 = Debug|Any CPU
		{2B10F41C-6190-4847-85B5-800AA362F0F7}.Debug|x86.ActiveCfg = Debug|Any CPU
		{2B10F41C-6190-4847-85B5-800AA362F0F7}.Debug|x86.Build.0 = Debug|Any CPU
		{2B10F41C-6190-4847-85B5-800AA362F0F7}.Release|Any CPU.ActiveCfg = Release|Any CPU
		{2B10F41C-6190-4847-85B5-800AA362F0F7}.Release|Any CPU.Build.0 = Release|Any CPU
		{2B10F41C-6190-4847-85B5-800AA362F0F7}.Release|x64.ActiveCfg = Release|Any CPU
		{2B10F41C-6190-4847-85B5-800AA362F0F7}.Release|x64.Build.0 = Release|Any CPU
		{2B10F41C-6190-4847-85B5-800AA362F0F7}.Release|x86.ActiveCfg = Release|Any CPU
		{2B10F41C-6190-4847-85B5-800AA362F0F7}.Release|x86.Build.0 = Release|Any CPU
		{0E9DC984-7C70-41AE-B4AB-241CC4E56592}.Debug|Any CPU.ActiveCfg = Debug|Any CPU
		{0E9DC984-7C70-41AE-B4AB-241CC4E56592}.Debug|Any CPU.Build.0 = Debug|Any CPU
		{0E9DC984-7C70-41AE-B4AB-241CC4E56592}.Debug|x64.ActiveCfg = Debug|Any CPU
		{0E9DC984-7C70-41AE-B4AB-241CC4E56592}.Debug|x64.Build.0 = Debug|Any CPU
		{0E9DC984-7C70-41AE-B4AB-241CC4E56592}.Debug|x86.ActiveCfg = Debug|Any CPU
		{0E9DC984-7C70-41AE-B4AB-241CC4E56592}.Debug|x86.Build.0 = Debug|Any CPU
		{0E9DC984-7C70-41AE-B4AB-241CC4E56592}.Release|Any CPU.ActiveCfg = Release|Any CPU
		{0E9DC984-7C70-41AE-B4AB-241CC4E56592}.Release|Any CPU.Build.0 = Release|Any CPU
		{0E9DC984-7C70-41AE-B4AB-241CC4E56592}.Release|x64.ActiveCfg = Release|Any CPU
		{0E9DC984-7C70-41AE-B4AB-241CC4E56592}.Release|x64.Build.0 = Release|Any CPU
		{0E9DC984-7C70-41AE-B4AB-241CC4E56592}.Release|x86.ActiveCfg = Release|Any CPU
		{0E9DC984-7C70-41AE-B4AB-241CC4E56592}.Release|x86.Build.0 = Release|Any CPU
		{2A6C81B3-0D79-485F-BAA2-2BCA7E2A102B}.Debug|Any CPU.ActiveCfg = Debug|Any CPU
		{2A6C81B3-0D79-485F-BAA2-2BCA7E2A102B}.Debug|Any CPU.Build.0 = Debug|Any CPU
		{2A6C81B3-0D79-485F-BAA2-2BCA7E2A102B}.Debug|x64.ActiveCfg = Debug|Any CPU
		{2A6C81B3-0D79-485F-BAA2-2BCA7E2A102B}.Debug|x64.Build.0 = Debug|Any CPU
		{2A6C81B3-0D79-485F-BAA2-2BCA7E2A102B}.Debug|x86.ActiveCfg = Debug|Any CPU
		{2A6C81B3-0D79-485F-BAA2-2BCA7E2A102B}.Debug|x86.Build.0 = Debug|Any CPU
		{2A6C81B3-0D79-485F-BAA2-2BCA7E2A102B}.Release|Any CPU.ActiveCfg = Release|Any CPU
		{2A6C81B3-0D79-485F-BAA2-2BCA7E2A102B}.Release|Any CPU.Build.0 = Release|Any CPU
		{2A6C81B3-0D79-485F-BAA2-2BCA7E2A102B}.Release|x64.ActiveCfg = Release|Any CPU
		{2A6C81B3-0D79-485F-BAA2-2BCA7E2A102B}.Release|x64.Build.0 = Release|Any CPU
		{2A6C81B3-0D79-485F-BAA2-2BCA7E2A102B}.Release|x86.ActiveCfg = Release|Any CPU
		{2A6C81B3-0D79-485F-BAA2-2BCA7E2A102B}.Release|x86.Build.0 = Release|Any CPU
		{3066E1F7-58C1-43AA-BE35-F33FBA4ED33F}.Debug|Any CPU.ActiveCfg = Debug|Any CPU
		{3066E1F7-58C1-43AA-BE35-F33FBA4ED33F}.Debug|Any CPU.Build.0 = Debug|Any CPU
		{3066E1F7-58C1-43AA-BE35-F33FBA4ED33F}.Debug|x64.ActiveCfg = Debug|Any CPU
		{3066E1F7-58C1-43AA-BE35-F33FBA4ED33F}.Debug|x64.Build.0 = Debug|Any CPU
		{3066E1F7-58C1-43AA-BE35-F33FBA4ED33F}.Debug|x86.ActiveCfg = Debug|Any CPU
		{3066E1F7-58C1-43AA-BE35-F33FBA4ED33F}.Debug|x86.Build.0 = Debug|Any CPU
		{3066E1F7-58C1-43AA-BE35-F33FBA4ED33F}.Release|Any CPU.ActiveCfg = Release|Any CPU
		{3066E1F7-58C1-43AA-BE35-F33FBA4ED33F}.Release|Any CPU.Build.0 = Release|Any CPU
		{3066E1F7-58C1-43AA-BE35-F33FBA4ED33F}.Release|x64.ActiveCfg = Release|Any CPU
		{3066E1F7-58C1-43AA-BE35-F33FBA4ED33F}.Release|x64.Build.0 = Release|Any CPU
		{3066E1F7-58C1-43AA-BE35-F33FBA4ED33F}.Release|x86.ActiveCfg = Release|Any CPU
		{3066E1F7-58C1-43AA-BE35-F33FBA4ED33F}.Release|x86.Build.0 = Release|Any CPU
		{BC3DC34C-7D0E-42D7-AEDB-CB8672C611D6}.Debug|Any CPU.ActiveCfg = Debug|Any CPU
		{BC3DC34C-7D0E-42D7-AEDB-CB8672C611D6}.Debug|Any CPU.Build.0 = Debug|Any CPU
		{BC3DC34C-7D0E-42D7-AEDB-CB8672C611D6}.Debug|x64.ActiveCfg = Debug|Any CPU
		{BC3DC34C-7D0E-42D7-AEDB-CB8672C611D6}.Debug|x64.Build.0 = Debug|Any CPU
		{BC3DC34C-7D0E-42D7-AEDB-CB8672C611D6}.Debug|x86.ActiveCfg = Debug|Any CPU
		{BC3DC34C-7D0E-42D7-AEDB-CB8672C611D6}.Debug|x86.Build.0 = Debug|Any CPU
		{BC3DC34C-7D0E-42D7-AEDB-CB8672C611D6}.Release|Any CPU.ActiveCfg = Release|Any CPU
		{BC3DC34C-7D0E-42D7-AEDB-CB8672C611D6}.Release|Any CPU.Build.0 = Release|Any CPU
		{BC3DC34C-7D0E-42D7-AEDB-CB8672C611D6}.Release|x64.ActiveCfg = Release|Any CPU
		{BC3DC34C-7D0E-42D7-AEDB-CB8672C611D6}.Release|x64.Build.0 = Release|Any CPU
		{BC3DC34C-7D0E-42D7-AEDB-CB8672C611D6}.Release|x86.ActiveCfg = Release|Any CPU
		{BC3DC34C-7D0E-42D7-AEDB-CB8672C611D6}.Release|x86.Build.0 = Release|Any CPU
		{6430000F-F859-42BB-8AE3-1E4B6B2933F6}.Debug|Any CPU.ActiveCfg = Debug|Any CPU
		{6430000F-F859-42BB-8AE3-1E4B6B2933F6}.Debug|Any CPU.Build.0 = Debug|Any CPU
		{6430000F-F859-42BB-8AE3-1E4B6B2933F6}.Debug|x64.ActiveCfg = Debug|Any CPU
		{6430000F-F859-42BB-8AE3-1E4B6B2933F6}.Debug|x64.Build.0 = Debug|Any CPU
		{6430000F-F859-42BB-8AE3-1E4B6B2933F6}.Debug|x86.ActiveCfg = Debug|Any CPU
		{6430000F-F859-42BB-8AE3-1E4B6B2933F6}.Debug|x86.Build.0 = Debug|Any CPU
		{6430000F-F859-42BB-8AE3-1E4B6B2933F6}.Release|Any CPU.ActiveCfg = Release|Any CPU
		{6430000F-F859-42BB-8AE3-1E4B6B2933F6}.Release|Any CPU.Build.0 = Release|Any CPU
		{6430000F-F859-42BB-8AE3-1E4B6B2933F6}.Release|x64.ActiveCfg = Release|Any CPU
		{6430000F-F859-42BB-8AE3-1E4B6B2933F6}.Release|x64.Build.0 = Release|Any CPU
		{6430000F-F859-42BB-8AE3-1E4B6B2933F6}.Release|x86.ActiveCfg = Release|Any CPU
		{6430000F-F859-42BB-8AE3-1E4B6B2933F6}.Release|x86.Build.0 = Release|Any CPU
		{AF98D505-0083-42CF-A0EF-9E18C7F0F13B}.Debug|Any CPU.ActiveCfg = Debug|Any CPU
		{AF98D505-0083-42CF-A0EF-9E18C7F0F13B}.Debug|Any CPU.Build.0 = Debug|Any CPU
		{AF98D505-0083-42CF-A0EF-9E18C7F0F13B}.Debug|x64.ActiveCfg = Debug|Any CPU
		{AF98D505-0083-42CF-A0EF-9E18C7F0F13B}.Debug|x64.Build.0 = Debug|Any CPU
		{AF98D505-0083-42CF-A0EF-9E18C7F0F13B}.Debug|x86.ActiveCfg = Debug|Any CPU
		{AF98D505-0083-42CF-A0EF-9E18C7F0F13B}.Debug|x86.Build.0 = Debug|Any CPU
		{AF98D505-0083-42CF-A0EF-9E18C7F0F13B}.Release|Any CPU.ActiveCfg = Release|Any CPU
		{AF98D505-0083-42CF-A0EF-9E18C7F0F13B}.Release|Any CPU.Build.0 = Release|Any CPU
		{AF98D505-0083-42CF-A0EF-9E18C7F0F13B}.Release|x64.ActiveCfg = Release|Any CPU
		{AF98D505-0083-42CF-A0EF-9E18C7F0F13B}.Release|x64.Build.0 = Release|Any CPU
		{AF98D505-0083-42CF-A0EF-9E18C7F0F13B}.Release|x86.ActiveCfg = Release|Any CPU
		{AF98D505-0083-42CF-A0EF-9E18C7F0F13B}.Release|x86.Build.0 = Release|Any CPU
		{B7A273A3-0E55-4E73-9BF2-475EEEBD7C36}.Debug|Any CPU.ActiveCfg = Debug|Any CPU
		{B7A273A3-0E55-4E73-9BF2-475EEEBD7C36}.Debug|Any CPU.Build.0 = Debug|Any CPU
		{B7A273A3-0E55-4E73-9BF2-475EEEBD7C36}.Debug|x64.ActiveCfg = Debug|Any CPU
		{B7A273A3-0E55-4E73-9BF2-475EEEBD7C36}.Debug|x64.Build.0 = Debug|Any CPU
		{B7A273A3-0E55-4E73-9BF2-475EEEBD7C36}.Debug|x86.ActiveCfg = Debug|Any CPU
		{B7A273A3-0E55-4E73-9BF2-475EEEBD7C36}.Debug|x86.Build.0 = Debug|Any CPU
		{B7A273A3-0E55-4E73-9BF2-475EEEBD7C36}.Release|Any CPU.ActiveCfg = Release|Any CPU
		{B7A273A3-0E55-4E73-9BF2-475EEEBD7C36}.Release|Any CPU.Build.0 = Release|Any CPU
		{B7A273A3-0E55-4E73-9BF2-475EEEBD7C36}.Release|x64.ActiveCfg = Release|Any CPU
		{B7A273A3-0E55-4E73-9BF2-475EEEBD7C36}.Release|x64.Build.0 = Release|Any CPU
		{B7A273A3-0E55-4E73-9BF2-475EEEBD7C36}.Release|x86.ActiveCfg = Release|Any CPU
		{B7A273A3-0E55-4E73-9BF2-475EEEBD7C36}.Release|x86.Build.0 = Release|Any CPU
	EndGlobalSection
	GlobalSection(SolutionProperties) = preSolution
		HideSolutionNode = FALSE
	EndGlobalSection
	GlobalSection(NestedProjects) = preSolution
		{1A9FBC0C-CD84-41A2-8A96-C18DD368A3CD} = {DC28BF77-2767-4328-88A4-125F4782DC99}
		{49171AF3-0DAD-4C4F-A19F-879A380FE618} = {DC28BF77-2767-4328-88A4-125F4782DC99}
		{E50E16A5-8DFD-4AE4-B559-4136FE172E3A} = {DC28BF77-2767-4328-88A4-125F4782DC99}
		{85FFFD18-C547-45FF-AD38-F5B027CF2318} = {DC28BF77-2767-4328-88A4-125F4782DC99}
		{76B265E0-94CA-4EF7-8145-2D059C6F5C91} = {4B4409B7-B863-4990-BF6E-1FB54BBF1227}
		{EFF29818-A08D-4192-8C61-867C35208128} = {4B4409B7-B863-4990-BF6E-1FB54BBF1227}
		{469EBA99-DDD0-4598-894B-BADDA61AF7D2} = {4B4409B7-B863-4990-BF6E-1FB54BBF1227}
		{ED08F2FC-B9C5-4AB3-8029-18FA01C06B35} = {4B4409B7-B863-4990-BF6E-1FB54BBF1227}
		{2B10F41C-6190-4847-85B5-800AA362F0F7} = {69C1C6B2-CE16-4416-94DD-187F02B3D139}
		{0E9DC984-7C70-41AE-B4AB-241CC4E56592} = {69C1C6B2-CE16-4416-94DD-187F02B3D139}
		{2A6C81B3-0D79-485F-BAA2-2BCA7E2A102B} = {69C1C6B2-CE16-4416-94DD-187F02B3D139}
		{3066E1F7-58C1-43AA-BE35-F33FBA4ED33F} = {69C1C6B2-CE16-4416-94DD-187F02B3D139}
		{BC3DC34C-7D0E-42D7-AEDB-CB8672C611D6} = {1DA13F55-E3DB-04DC-4351-A23405C11FBB}
		{6430000F-F859-42BB-8AE3-1E4B6B2933F6} = {1DA13F55-E3DB-04DC-4351-A23405C11FBB}
		{AF98D505-0083-42CF-A0EF-9E18C7F0F13B} = {1DA13F55-E3DB-04DC-4351-A23405C11FBB}
		{B7A273A3-0E55-4E73-9BF2-475EEEBD7C36} = {1DA13F55-E3DB-04DC-4351-A23405C11FBB}
	EndGlobalSection
	GlobalSection(ExtensibilityGlobals) = postSolution
		SolutionGuid = {AEF48DDE-027A-4C28-9990-3A19B5885620}
	EndGlobalSection
EndGlobal
